# This file is autogenerated, do not edit; changes may be undone by the next 'dep ensure'.


[[projects]]
  name = "github.com/ghodss/yaml"
  packages = ["."]
  revision = "0ca9ea5df5451ffdf184b4428c902747c2c11cd7"
  version = "v1.0.0"

[[projects]]
  branch = "master"
  name = "github.com/google/go-cmp"
  packages = [
    "cmp",
    "cmp/internal/diff",
    "cmp/internal/value"
  ]
  revision = "a9cc2ea1d957ce7e952bfdc3efe805184ce85972"

[[projects]]
  branch = "master"
  name = "github.com/sevenval/structgen"
  packages = ["."]
  revision = "2d758f7cbfbe900f0b49b288b1cc87a848aecc19"

[[projects]]
  name = "github.com/sloppyio/cli"
  packages = ["pkg/api"]
  revision = "cc24563c2fae5c404a4ab0ad21341b8b4e0a0c07"
  version = "1.9.1"

[[projects]]
  branch = "v2"
  name = "gopkg.in/yaml.v2"
  packages = ["."]
  revision = "25c4ec802a7d637f88d584ab26798e94ad14c13b"

[solve-meta]
  analyzer-name = "dep"
  analyzer-version = 1
  inputs-digest = "d3c624a317fb7c0c049a17f52621208a20b280517a9bc69378e1d40930c9bc86"
  solver-name = "gps-cdcl"
  solver-version = 1
